
Microsoft Visual Studio Solution File, Format Version 12.00
Project("{FAE04EC0-301F-11D3-BF4B-00C04F79EFBC}") = "CampusLibraryApi", "CampusLibraryApi\CampusLibraryApi.csproj", "{1F49AF28-D05D-4DC7-874B-677382BB78C6}"
EndProject
Project("{FAE04EC0-301F-11D3-BF4B-00C04F79EFBC}") = "CampusLibraryApiTest", "CampusLibraryApiTest\CampusLibraryApiTest.csproj", "{5F437C04-11A7-451D-BC3C-C23387A2F3D2}"
EndProject
Global
	GlobalSection(SolutionConfigurationPlatforms) = preSolution
		Debug|Any CPU = Debug|Any CPU
		Release|Any CPU = Release|Any CPU
	EndGlobalSection
	GlobalSection(ProjectConfigurationPlatforms) = postSolution
		{1F49AF28-D05D-4DC7-874B-677382BB78C6}.Debug|Any CPU.ActiveCfg = Debug|Any CPU
		{1F49AF28-D05D-4DC7-874B-677382BB78C6}.Debug|Any CPU.Build.0 = Debug|Any CPU
		{1F49AF28-D05D-4DC7-874B-677382BB78C6}.Release|Any CPU.ActiveCfg = Release|Any CPU
		{1F49AF28-D05D-4DC7-874B-677382BB78C6}.Release|Any CPU.Build.0 = Release|Any CPU
		{5F437C04-11A7-451D-BC3C-C23387A2F3D2}.Debug|Any CPU.ActiveCfg = Debug|Any CPU
		{5F437C04-11A7-451D-BC3C-C23387A2F3D2}.Debug|Any CPU.Build.0 = Debug|Any CPU
		{5F437C04-11A7-451D-BC3C-C23387A2F3D2}.Release|Any CPU.ActiveCfg = Release|Any CPU
		{5F437C04-11A7-451D-BC3C-C23387A2F3D2}.Release|Any CPU.Build.0 = Release|Any CPU
	EndGlobalSection
EndGlobal
