
Microsoft Visual Studio Solution File, Format Version 12.00
Project("{FAE04EC0-301F-11D3-BF4B-00C04F79EFBC}") = "CampusLibraryApi", "CampusLibraryApi\CampusLibraryApi.csproj", "{1F49AF28-D05D-4DC7-874B-677382BB78C6}"
EndProject
Project("{FAE04EC0-301F-11D3-BF4B-00C04F79EFBC}") = "CampusLibraryApiTest", "CampusLibraryApiTest\CampusLibraryApiTest.csproj", "{2359DD57-BEED-40FB-9FE2-FE20F1BE1A9F}"
EndProject
Project("{FAE04EC0-301F-11D3-BF4B-00C04F79EFBC}") = "CampusLibraryApi_1_Web", "CampusLibraryApi_1_Web\CampusLibraryApi_1_Web.csproj", "{0C3E562C-8D2D-460A-8F13-64217AE4AB79}"
EndProject
Project("{FAE04EC0-301F-11D3-BF4B-00C04F79EFBC}") = "CampusLibraryApi_2_BuildingBlocks", "CampusLibraryApi_2_BuildingBlocks\CampusLibraryApi_2_BuildingBlocks.csproj", "{688EEA2F-16C5-4291-87F9-E11E4EAC59F0}"
EndProject
Project("{FAE04EC0-301F-11D3-BF4B-00C04F79EFBC}") = "CampusLibraryApi_3_Core_Readers", "CampusLibraryApi_3_Core_Readers\CampusLibraryApi_3_Core_Readers.csproj", "{4F7E3B54-7304-45CC-A06B-1FE45B0CFFFE}"
EndProject
Project("{FAE04EC0-301F-11D3-BF4B-00C04F79EFBC}") = "CampusLibraryApi_4_Infrastructure", "CampusLibraryApi_4_Infrastructure\CampusLibraryApi_4_Infrastructure.csproj", "{48F08E64-40FA-4298-8192-98A148035D0F}"
EndProject
Project("{FAE04EC0-301F-11D3-BF4B-00C04F79EFBC}") = "CampusLibraryApi_3_Core_Catalog", "CampusLibraryApi_3_Core_Catalog\CampusLibraryApi_3_Core_Catalog.csproj", "{5F20951B-E1D4-4FB4-949B-378D2E46A5DD}"
EndProject
Global
	GlobalSection(SolutionConfigurationPlatforms) = preSolution
		Debug|Any CPU = Debug|Any CPU
		Release|Any CPU = Release|Any CPU
	EndGlobalSection
	GlobalSection(ProjectConfigurationPlatforms) = postSolution
		{1F49AF28-D05D-4DC7-874B-677382BB78C6}.Debug|Any CPU.ActiveCfg = Debug|Any CPU
		{1F49AF28-D05D-4DC7-874B-677382BB78C6}.Debug|Any CPU.Build.0 = Debug|Any CPU
		{1F49AF28-D05D-4DC7-874B-677382BB78C6}.Release|Any CPU.ActiveCfg = Release|Any CPU
		{1F49AF28-D05D-4DC7-874B-677382BB78C6}.Release|Any CPU.Build.0 = Release|Any CPU
		{2359DD57-BEED-40FB-9FE2-FE20F1BE1A9F}.Debug|Any CPU.ActiveCfg = Debug|Any CPU
		{2359DD57-BEED-40FB-9FE2-FE20F1BE1A9F}.Debug|Any CPU.Build.0 = Debug|Any CPU
		{2359DD57-BEED-40FB-9FE2-FE20F1BE1A9F}.Release|Any CPU.ActiveCfg = Release|Any CPU
		{2359DD57-BEED-40FB-9FE2-FE20F1BE1A9F}.Release|Any CPU.Build.0 = Release|Any CPU
		{0C3E562C-8D2D-460A-8F13-64217AE4AB79}.Debug|Any CPU.ActiveCfg = Debug|Any CPU
		{0C3E562C-8D2D-460A-8F13-64217AE4AB79}.Debug|Any CPU.Build.0 = Debug|Any CPU
		{0C3E562C-8D2D-460A-8F13-64217AE4AB79}.Release|Any CPU.ActiveCfg = Release|Any CPU
		{0C3E562C-8D2D-460A-8F13-64217AE4AB79}.Release|Any CPU.Build.0 = Release|Any CPU
		{688EEA2F-16C5-4291-87F9-E11E4EAC59F0}.Debug|Any CPU.ActiveCfg = Debug|Any CPU
		{688EEA2F-16C5-4291-87F9-E11E4EAC59F0}.Debug|Any CPU.Build.0 = Debug|Any CPU
		{688EEA2F-16C5-4291-87F9-E11E4EAC59F0}.Release|Any CPU.ActiveCfg = Release|Any CPU
		{688EEA2F-16C5-4291-87F9-E11E4EAC59F0}.Release|Any CPU.Build.0 = Release|Any CPU
		{4F7E3B54-7304-45CC-A06B-1FE45B0CFFFE}.Debug|Any CPU.ActiveCfg = Debug|Any CPU
		{4F7E3B54-7304-45CC-A06B-1FE45B0CFFFE}.Debug|Any CPU.Build.0 = Debug|Any CPU
		{4F7E3B54-7304-45CC-A06B-1FE45B0CFFFE}.Release|Any CPU.ActiveCfg = Release|Any CPU
		{4F7E3B54-7304-45CC-A06B-1FE45B0CFFFE}.Release|Any CPU.Build.0 = Release|Any CPU
		{48F08E64-40FA-4298-8192-98A148035D0F}.Debug|Any CPU.ActiveCfg = Debug|Any CPU
		{48F08E64-40FA-4298-8192-98A148035D0F}.Debug|Any CPU.Build.0 = Debug|Any CPU
		{48F08E64-40FA-4298-8192-98A148035D0F}.Release|Any CPU.ActiveCfg = Release|Any CPU
		{48F08E64-40FA-4298-8192-98A148035D0F}.Release|Any CPU.Build.0 = Release|Any CPU
		{5F20951B-E1D4-4FB4-949B-378D2E46A5DD}.Debug|Any CPU.ActiveCfg = Debug|Any CPU
		{5F20951B-E1D4-4FB4-949B-378D2E46A5DD}.Debug|Any CPU.Build.0 = Debug|Any CPU
		{5F20951B-E1D4-4FB4-949B-378D2E46A5DD}.Release|Any CPU.ActiveCfg = Release|Any CPU
		{5F20951B-E1D4-4FB4-949B-378D2E46A5DD}.Release|Any CPU.Build.0 = Release|Any CPU
	EndGlobalSection
EndGlobal
